
Microsoft Visual Studio Solution File, Format Version 12.00
# Visual Studio 15
VisualStudioVersion = 15.0.27130.2027
MinimumVisualStudioVersion = 10.0.40219.1
Project("{FAE04EC0-301F-11D3-BF4B-00C04F79EFBC}") = "MegaChallengeWar", "MegaChallengeWar\MegaChallengeWar.csproj", "{98018598-C8E2-466A-957C-444355F28AC3}"
EndProject
Global
	GlobalSection(SolutionConfigurationPlatforms) = preSolution
		Debug|Any CPU = Debug|Any CPU
		Release|Any CPU = Release|Any CPU
	EndGlobalSection
	GlobalSection(ProjectConfigurationPlatforms) = postSolution
		{98018598-C8E2-466A-957C-444355F28AC3}.Debug|Any CPU.ActiveCfg = Debug|Any CPU
		{98018598-C8E2-466A-957C-444355F28AC3}.Debug|Any CPU.Build.0 = Debug|Any CPU
		{98018598-C8E2-466A-957C-444355F28AC3}.Release|Any CPU.ActiveCfg = Release|Any CPU
		{98018598-C8E2-466A-957C-444355F28AC3}.Release|Any CPU.Build.0 = Release|Any CPU
	EndGlobalSection
	GlobalSection(SolutionProperties) = preSolution
		HideSolutionNode = FALSE
	EndGlobalSection
	GlobalSection(ExtensibilityGlobals) = postSolution
		SolutionGuid = {9D50FAB1-7BFC-4CC5-A927-D1E535F1A192}
	EndGlobalSection
EndGlobal
