
Microsoft Visual Studio Solution File, Format Version 12.00
# Visual Studio 15
VisualStudioVersion = 15.0.27130.2027
MinimumVisualStudioVersion = 10.0.40219.1
Project("{FAE04EC0-301F-11D3-BF4B-00C04F79EFBC}") = "ChallengeSimpleDartsReboot", "ChallengeSimpleDartsReboot\ChallengeSimpleDartsReboot.csproj", "{F5738CC0-5B52-4DF5-9841-48D5760B522F}"
EndProject
Project("{FAE04EC0-301F-11D3-BF4B-00C04F79EFBC}") = "Darts", "Darts\Darts.csproj", "{98B70E67-0F00-46E7-845D-45D5872589DE}"
EndProject
Global
	GlobalSection(SolutionConfigurationPlatforms) = preSolution
		Debug|Any CPU = Debug|Any CPU
		Release|Any CPU = Release|Any CPU
	EndGlobalSection
	GlobalSection(ProjectConfigurationPlatforms) = postSolution
		{F5738CC0-5B52-4DF5-9841-48D5760B522F}.Debug|Any CPU.ActiveCfg = Debug|Any CPU
		{F5738CC0-5B52-4DF5-9841-48D5760B522F}.Debug|Any CPU.Build.0 = Debug|Any CPU
		{F5738CC0-5B52-4DF5-9841-48D5760B522F}.Release|Any CPU.ActiveCfg = Release|Any CPU
		{F5738CC0-5B52-4DF5-9841-48D5760B522F}.Release|Any CPU.Build.0 = Release|Any CPU
		{98B70E67-0F00-46E7-845D-45D5872589DE}.Debug|Any CPU.ActiveCfg = Debug|Any CPU
		{98B70E67-0F00-46E7-845D-45D5872589DE}.Debug|Any CPU.Build.0 = Debug|Any CPU
		{98B70E67-0F00-46E7-845D-45D5872589DE}.Release|Any CPU.ActiveCfg = Release|Any CPU
		{98B70E67-0F00-46E7-845D-45D5872589DE}.Release|Any CPU.Build.0 = Release|Any CPU
	EndGlobalSection
	GlobalSection(SolutionProperties) = preSolution
		HideSolutionNode = FALSE
	EndGlobalSection
	GlobalSection(ExtensibilityGlobals) = postSolution
		SolutionGuid = {86F856EB-08C9-49AC-BF09-7B7DD19FFBDF}
	EndGlobalSection
EndGlobal
